
Microsoft Visual Studio Solution File, Format Version 12.00
# Visual Studio Version 16
VisualStudioVersion = 16.0.29613.14
MinimumVisualStudioVersion = 10.0.40219.1
Project("{9A19103F-16F7-4668-BE54-9A1E7A4F7556}") = "Array", "Array\Array.csproj", "{6BBCB0B7-712E-460C-B891-B9D8859F9127}"
EndProject
Project("{9A19103F-16F7-4668-BE54-9A1E7A4F7556}") = "ReverseString", "ReverseString\ReverseString.csproj", "{9234467E-C788-4E8E-BA41-1D20F55BD1C7}"
EndProject
Project("{9A19103F-16F7-4668-BE54-9A1E7A4F7556}") = "MergeSortedArray", "MergeSortedArray\MergeSortedArray.csproj", "{C9BF038B-F85F-4928-9007-D1D2A2E18D8C}"
EndProject
Project("{9A19103F-16F7-4668-BE54-9A1E7A4F7556}") = "TwoSum", "TwoSum\TwoSum.csproj", "{35637EC3-F075-4947-9BC1-E2BC47A6FD3A}"
EndProject
Project("{FAE04EC0-301F-11D3-BF4B-00C04F79EFBC}") = "DuplicateZeros", "DuplicateZeros\DuplicateZeros.csproj", "{3CF35745-8C30-45BA-AB4C-81CDF642F1CB}"
EndProject
Global
	GlobalSection(SolutionConfigurationPlatforms) = preSolution
		Debug|Any CPU = Debug|Any CPU
		Release|Any CPU = Release|Any CPU
	EndGlobalSection
	GlobalSection(ProjectConfigurationPlatforms) = postSolution
		{6BBCB0B7-712E-460C-B891-B9D8859F9127}.Debug|Any CPU.ActiveCfg = Debug|Any CPU
		{6BBCB0B7-712E-460C-B891-B9D8859F9127}.Debug|Any CPU.Build.0 = Debug|Any CPU
		{6BBCB0B7-712E-460C-B891-B9D8859F9127}.Release|Any CPU.ActiveCfg = Release|Any CPU
		{6BBCB0B7-712E-460C-B891-B9D8859F9127}.Release|Any CPU.Build.0 = Release|Any CPU
		{9234467E-C788-4E8E-BA41-1D20F55BD1C7}.Debug|Any CPU.ActiveCfg = Debug|Any CPU
		{9234467E-C788-4E8E-BA41-1D20F55BD1C7}.Debug|Any CPU.Build.0 = Debug|Any CPU
		{9234467E-C788-4E8E-BA41-1D20F55BD1C7}.Release|Any CPU.ActiveCfg = Release|Any CPU
		{9234467E-C788-4E8E-BA41-1D20F55BD1C7}.Release|Any CPU.Build.0 = Release|Any CPU
		{C9BF038B-F85F-4928-9007-D1D2A2E18D8C}.Debug|Any CPU.ActiveCfg = Debug|Any CPU
		{C9BF038B-F85F-4928-9007-D1D2A2E18D8C}.Debug|Any CPU.Build.0 = Debug|Any CPU
		{C9BF038B-F85F-4928-9007-D1D2A2E18D8C}.Release|Any CPU.ActiveCfg = Release|Any CPU
		{C9BF038B-F85F-4928-9007-D1D2A2E18D8C}.Release|Any CPU.Build.0 = Release|Any CPU
		{35637EC3-F075-4947-9BC1-E2BC47A6FD3A}.Debug|Any CPU.ActiveCfg = Debug|Any CPU
		{35637EC3-F075-4947-9BC1-E2BC47A6FD3A}.Debug|Any CPU.Build.0 = Debug|Any CPU
		{35637EC3-F075-4947-9BC1-E2BC47A6FD3A}.Release|Any CPU.ActiveCfg = Release|Any CPU
		{35637EC3-F075-4947-9BC1-E2BC47A6FD3A}.Release|Any CPU.Build.0 = Release|Any CPU
		{3CF35745-8C30-45BA-AB4C-81CDF642F1CB}.Debug|Any CPU.ActiveCfg = Debug|Any CPU
		{3CF35745-8C30-45BA-AB4C-81CDF642F1CB}.Debug|Any CPU.Build.0 = Debug|Any CPU
		{3CF35745-8C30-45BA-AB4C-81CDF642F1CB}.Release|Any CPU.ActiveCfg = Release|Any CPU
		{3CF35745-8C30-45BA-AB4C-81CDF642F1CB}.Release|Any CPU.Build.0 = Release|Any CPU
	EndGlobalSection
	GlobalSection(SolutionProperties) = preSolution
		HideSolutionNode = FALSE
	EndGlobalSection
	GlobalSection(ExtensibilityGlobals) = postSolution
		SolutionGuid = {E1C3050A-82B7-449E-98BB-ACB415DDA37F}
	EndGlobalSection
EndGlobal
