
Microsoft Visual Studio Solution File, Format Version 12.00
# Visual Studio Version 16
VisualStudioVersion = 16.0.29613.14
MinimumVisualStudioVersion = 10.0.40219.1
Project("{9A19103F-16F7-4668-BE54-9A1E7A4F7556}") = "Array", "Array\Array.csproj", "{6BBCB0B7-712E-460C-B891-B9D8859F9127}"
EndProject
Project("{9A19103F-16F7-4668-BE54-9A1E7A4F7556}") = "ReverseString", "ReverseString\ReverseString.csproj", "{9234467E-C788-4E8E-BA41-1D20F55BD1C7}"
EndProject
Project("{9A19103F-16F7-4668-BE54-9A1E7A4F7556}") = "MergeSortedArray", "MergeSortedArray\MergeSortedArray.csproj", "{C9BF038B-F85F-4928-9007-D1D2A2E18D8C}"
EndProject
Project("{9A19103F-16F7-4668-BE54-9A1E7A4F7556}") = "TwoSum", "TwoSum\TwoSum.csproj", "{35637EC3-F075-4947-9BC1-E2BC47A6FD3A}"
EndProject
Project("{9A19103F-16F7-4668-BE54-9A1E7A4F7556}") = "DuplicateZeros", "DuplicateZeros\DuplicateZeros.csproj", "{3CF35745-8C30-45BA-AB4C-81CDF642F1CB}"
EndProject
Project("{9A19103F-16F7-4668-BE54-9A1E7A4F7556}") = "MaximumSubarray", "MaximumSubarray\MaximumSubarray.csproj", "{927AE1E6-3124-419F-A9F2-5960420EFD06}"
EndProject
Project("{9A19103F-16F7-4668-BE54-9A1E7A4F7556}") = "MoveZeros", "MoveZeros\MoveZeros.csproj", "{4C3C1E95-6DC8-4C28-BCA3-8958B934FEEB}"
EndProject
Project("{9A19103F-16F7-4668-BE54-9A1E7A4F7556}") = "ContainsDuplicate", "ContainsDuplicate\ContainsDuplicate.csproj", "{D6831B7D-15E7-4546-AD9E-22709E8A9A4F}"
EndProject
Project("{9A19103F-16F7-4668-BE54-9A1E7A4F7556}") = "RotateArray", "RotateArray\RotateArray.csproj", "{7C875B77-F187-46E7-9E5A-BC77D434E1DE}"
EndProject
Project("{FAE04EC0-301F-11D3-BF4B-00C04F79EFBC}") = "LongestString", "LongestString\LongestString.csproj", "{8B89FB70-B758-4DA4-937A-96716427C04A}"
EndProject
Global
	GlobalSection(SolutionConfigurationPlatforms) = preSolution
		Debug|Any CPU = Debug|Any CPU
		Release|Any CPU = Release|Any CPU
	EndGlobalSection
	GlobalSection(ProjectConfigurationPlatforms) = postSolution
		{6BBCB0B7-712E-460C-B891-B9D8859F9127}.Debug|Any CPU.ActiveCfg = Debug|Any CPU
		{6BBCB0B7-712E-460C-B891-B9D8859F9127}.Debug|Any CPU.Build.0 = Debug|Any CPU
		{6BBCB0B7-712E-460C-B891-B9D8859F9127}.Release|Any CPU.ActiveCfg = Release|Any CPU
		{6BBCB0B7-712E-460C-B891-B9D8859F9127}.Release|Any CPU.Build.0 = Release|Any CPU
		{9234467E-C788-4E8E-BA41-1D20F55BD1C7}.Debug|Any CPU.ActiveCfg = Debug|Any CPU
		{9234467E-C788-4E8E-BA41-1D20F55BD1C7}.Debug|Any CPU.Build.0 = Debug|Any CPU
		{9234467E-C788-4E8E-BA41-1D20F55BD1C7}.Release|Any CPU.ActiveCfg = Release|Any CPU
		{9234467E-C788-4E8E-BA41-1D20F55BD1C7}.Release|Any CPU.Build.0 = Release|Any CPU
		{C9BF038B-F85F-4928-9007-D1D2A2E18D8C}.Debug|Any CPU.ActiveCfg = Debug|Any CPU
		{C9BF038B-F85F-4928-9007-D1D2A2E18D8C}.Debug|Any CPU.Build.0 = Debug|Any CPU
		{C9BF038B-F85F-4928-9007-D1D2A2E18D8C}.Release|Any CPU.ActiveCfg = Release|Any CPU
		{C9BF038B-F85F-4928-9007-D1D2A2E18D8C}.Release|Any CPU.Build.0 = Release|Any CPU
		{35637EC3-F075-4947-9BC1-E2BC47A6FD3A}.Debug|Any CPU.ActiveCfg = Debug|Any CPU
		{35637EC3-F075-4947-9BC1-E2BC47A6FD3A}.Debug|Any CPU.Build.0 = Debug|Any CPU
		{35637EC3-F075-4947-9BC1-E2BC47A6FD3A}.Release|Any CPU.ActiveCfg = Release|Any CPU
		{35637EC3-F075-4947-9BC1-E2BC47A6FD3A}.Release|Any CPU.Build.0 = Release|Any CPU
		{3CF35745-8C30-45BA-AB4C-81CDF642F1CB}.Debug|Any CPU.ActiveCfg = Debug|Any CPU
		{3CF35745-8C30-45BA-AB4C-81CDF642F1CB}.Debug|Any CPU.Build.0 = Debug|Any CPU
		{3CF35745-8C30-45BA-AB4C-81CDF642F1CB}.Release|Any CPU.ActiveCfg = Release|Any CPU
		{3CF35745-8C30-45BA-AB4C-81CDF642F1CB}.Release|Any CPU.Build.0 = Release|Any CPU
		{927AE1E6-3124-419F-A9F2-5960420EFD06}.Debug|Any CPU.ActiveCfg = Debug|Any CPU
		{927AE1E6-3124-419F-A9F2-5960420EFD06}.Debug|Any CPU.Build.0 = Debug|Any CPU
		{927AE1E6-3124-419F-A9F2-5960420EFD06}.Release|Any CPU.ActiveCfg = Release|Any CPU
		{927AE1E6-3124-419F-A9F2-5960420EFD06}.Release|Any CPU.Build.0 = Release|Any CPU
		{4C3C1E95-6DC8-4C28-BCA3-8958B934FEEB}.Debug|Any CPU.ActiveCfg = Debug|Any CPU
		{4C3C1E95-6DC8-4C28-BCA3-8958B934FEEB}.Debug|Any CPU.Build.0 = Debug|Any CPU
		{4C3C1E95-6DC8-4C28-BCA3-8958B934FEEB}.Release|Any CPU.ActiveCfg = Release|Any CPU
		{4C3C1E95-6DC8-4C28-BCA3-8958B934FEEB}.Release|Any CPU.Build.0 = Release|Any CPU
		{D6831B7D-15E7-4546-AD9E-22709E8A9A4F}.Debug|Any CPU.ActiveCfg = Debug|Any CPU
		{D6831B7D-15E7-4546-AD9E-22709E8A9A4F}.Debug|Any CPU.Build.0 = Debug|Any CPU
		{D6831B7D-15E7-4546-AD9E-22709E8A9A4F}.Release|Any CPU.ActiveCfg = Release|Any CPU
		{D6831B7D-15E7-4546-AD9E-22709E8A9A4F}.Release|Any CPU.Build.0 = Release|Any CPU
		{7C875B77-F187-46E7-9E5A-BC77D434E1DE}.Debug|Any CPU.ActiveCfg = Debug|Any CPU
		{7C875B77-F187-46E7-9E5A-BC77D434E1DE}.Debug|Any CPU.Build.0 = Debug|Any CPU
		{7C875B77-F187-46E7-9E5A-BC77D434E1DE}.Release|Any CPU.ActiveCfg = Release|Any CPU
		{7C875B77-F187-46E7-9E5A-BC77D434E1DE}.Release|Any CPU.Build.0 = Release|Any CPU
		{8B89FB70-B758-4DA4-937A-96716427C04A}.Debug|Any CPU.ActiveCfg = Debug|Any CPU
		{8B89FB70-B758-4DA4-937A-96716427C04A}.Debug|Any CPU.Build.0 = Debug|Any CPU
		{8B89FB70-B758-4DA4-937A-96716427C04A}.Release|Any CPU.ActiveCfg = Release|Any CPU
		{8B89FB70-B758-4DA4-937A-96716427C04A}.Release|Any CPU.Build.0 = Release|Any CPU
	EndGlobalSection
	GlobalSection(SolutionProperties) = preSolution
		HideSolutionNode = FALSE
	EndGlobalSection
	GlobalSection(ExtensibilityGlobals) = postSolution
		SolutionGuid = {E1C3050A-82B7-449E-98BB-ACB415DDA37F}
	EndGlobalSection
EndGlobal
